{
    "_readme": [
        "This file locks the dependencies of your project to a known state",
        "Read more about it at https://getcomposer.org/doc/01-basic-usage.md#installing-dependencies",
        "This file is @generated automatically"
    ],
    "content-hash": "0486ca108179e1c5da7373229f00d331",
    "packages": [
        {
            "name": "citation-style-language/locales",
            "version": "1.0.0",
            "source": {
                "type": "git",
                "url": "https://github.com/citation-style-language/locales.git",
                "reference": "master"
            },
            "type": "library"
        },
        {
            "name": "citation-style-language/styles",
            "version": "1.0.0",
            "source": {
                "type": "git",
                "url": "https://github.com/citation-style-language/styles.git",
                "reference": "master"
            },
            "type": "library"
        },
        {
            "name": "easyrdf/easyrdf",
            "version": "1.1.1",
            "source": {
                "type": "git",
                "url": "https://github.com/easyrdf/easyrdf.git",
                "reference": "c7b0a9dbcb211eb7de03ee99ff5b52d17f2a8e64"
            },
            "dist": {
                "type": "zip",
                "url": "https://api.github.com/repos/easyrdf/easyrdf/zipball/c7b0a9dbcb211eb7de03ee99ff5b52d17f2a8e64",
                "reference": "c7b0a9dbcb211eb7de03ee99ff5b52d17f2a8e64",
                "shasum": ""
            },
            "require": {
                "ext-dom": "*",
                "ext-mbstring": "*",
                "ext-pcre": "*",
                "ext-xmlreader": "*",
                "lib-libxml": "*",
                "php": ">=7.1.0"
            },
            "require-dev": {
                "code-lts/doctum": "^5",
                "ml/json-ld": "~1.0",
                "phpunit/phpunit": "^7",
                "semsol/arc2": "^2.4",
                "squizlabs/php_codesniffer": "3.*",
                "zendframework/zend-http": "~2.3"
            },
            "suggest": {
                "ml/json-ld": "~1.0",
                "semsol/arc2": "~2.2"
            },
            "type": "library",
            "autoload": {
                "psr-4": {
                    "EasyRdf\\": "lib"
                }
            },
            "notification-url": "https://packagist.org/downloads/",
            "license": [
                "BSD-3-Clause"
            ],
            "authors": [
                {
                    "name": "Nicholas Humfrey",
                    "email": "njh@aelius.com",
                    "homepage": "http://www.aelius.com/njh/",
                    "role": "Developer"
                },
                {
                    "name": "Alexey Zakhlestin",
                    "email": "indeyets@gmail.com",
                    "homepage": "http://indeyets.ru/",
                    "role": "Developer"
                }
            ],
            "description": "EasyRdf is a PHP library designed to make it easy to consume and produce RDF.",
            "homepage": "http://www.easyrdf.org/",
            "keywords": [
                "Linked Data",
                "RDF",
                "Semantic Web",
                "Turtle",
                "rdfa",
                "sparql"
            ],
            "support": {
                "forum": "http://groups.google.com/group/easyrdf/",
                "issues": "http://github.com/easyrdf/easyrdf/issues",
                "source": "https://github.com/easyrdf/easyrdf/tree/1.1.1"
            },
            "time": "2020-12-02T08:47:31+00:00"
        },
        {
            "name": "endyjasmi/cuid",
            "version": "2.1.0",
            "source": {
                "type": "git",
                "url": "https://github.com/endyjasmi/cuid.git",
                "reference": "a425a1071cb07bafc9355e85dd288b5b5d1245f5"
            },
            "dist": {
                "type": "zip",
                "url": "https://api.github.com/repos/endyjasmi/cuid/zipball/a425a1071cb07bafc9355e85dd288b5b5d1245f5",
                "reference": "a425a1071cb07bafc9355e85dd288b5b5d1245f5",
                "shasum": ""
            },
            "require": {
                "php": ">= 5.4"
            },
            "require-dev": {
                "phpunit/phpunit": "4.*",
                "satooshi/php-coveralls": "0.*",
                "squizlabs/php_codesniffer": "1.*"
            },
            "type": "library",
            "autoload": {
                "psr-4": {
                    "EndyJasmi\\": "src/"
                }
            },
            "notification-url": "https://packagist.org/downloads/",
            "license": [
                "MIT"
            ],
            "authors": [
                {
                    "name": "Endy Jasmi",
                    "email": "endyjasmi@gmail.com",
                    "role": "Developer"
                }
            ],
            "description": "Cuid php port",
            "keywords": [
                "UID",
                "cuid",
                "guid",
                "id",
                "uuid"
            ],
            "support": {
                "email": "endyjasmi@gmail.com",
                "issues": "https://github.com/endyjasmi/cuid/issues",
                "source": "https://github.com/endyjasmi/cuid"
            },
            "time": "2020-01-02T02:46:25+00:00"
        },
        {
            "name": "ml/iri",
            "version": "1.1.4",
            "target-dir": "ML/IRI",
            "source": {
                "type": "git",
                "url": "https://github.com/lanthaler/IRI.git",
                "reference": "cbd44fa913e00ea624241b38cefaa99da8d71341"
            },
            "dist": {
                "type": "zip",
                "url": "https://api.github.com/repos/lanthaler/IRI/zipball/cbd44fa913e00ea624241b38cefaa99da8d71341",
                "reference": "cbd44fa913e00ea624241b38cefaa99da8d71341",
                "shasum": ""
            },
            "require": {
                "lib-pcre": ">=4.0",
                "php": ">=5.3.0"
            },
            "type": "library",
            "autoload": {
                "psr-0": {
                    "ML\\IRI": ""
                }
            },
            "notification-url": "https://packagist.org/downloads/",
            "license": [
                "MIT"
            ],
            "authors": [
                {
                    "name": "Markus Lanthaler",
                    "email": "mail@markus-lanthaler.com",
                    "homepage": "http://www.markus-lanthaler.com",
                    "role": "Developer"
                }
            ],
            "description": "IRI handling for PHP",
            "homepage": "http://www.markus-lanthaler.com",
            "keywords": [
                "URN",
                "iri",
                "uri",
                "url"
            ],
            "support": {
                "issues": "https://github.com/lanthaler/IRI/issues",
                "source": "https://github.com/lanthaler/IRI/tree/master"
            },
            "time": "2014-01-21T13:43:39+00:00"
        },
        {
            "name": "ml/json-ld",
            "version": "1.2.1",
            "source": {
                "type": "git",
                "url": "https://github.com/lanthaler/JsonLD.git",
                "reference": "537e68e87a6bce23e57c575cd5dcac1f67ce25d8"
            },
            "dist": {
                "type": "zip",
                "url": "https://api.github.com/repos/lanthaler/JsonLD/zipball/537e68e87a6bce23e57c575cd5dcac1f67ce25d8",
                "reference": "537e68e87a6bce23e57c575cd5dcac1f67ce25d8",
                "shasum": ""
            },
            "require": {
                "ext-json": "*",
                "ml/iri": "^1.1.1",
                "php": ">=5.3.0"
            },
            "require-dev": {
                "json-ld/tests": "1.0",
                "phpunit/phpunit": "^4"
            },
            "type": "library",
            "autoload": {
                "psr-4": {
                    "ML\\JsonLD\\": ""
                }
            },
            "notification-url": "https://packagist.org/downloads/",
            "license": [
                "MIT"
            ],
            "authors": [
                {
                    "name": "Markus Lanthaler",
                    "email": "mail@markus-lanthaler.com",
                    "homepage": "http://www.markus-lanthaler.com",
                    "role": "Developer"
                }
            ],
            "description": "JSON-LD Processor for PHP",
            "homepage": "http://www.markus-lanthaler.com",
            "keywords": [
                "JSON-LD",
                "jsonld"
            ],
            "support": {
                "issues": "https://github.com/lanthaler/JsonLD/issues",
                "source": "https://github.com/lanthaler/JsonLD/tree/1.2.1"
            },
            "time": "2022-09-29T08:45:17+00:00"
        },
        {
            "name": "myclabs/php-enum",
            "version": "1.8.4",
            "source": {
                "type": "git",
                "url": "https://github.com/myclabs/php-enum.git",
                "reference": "a867478eae49c9f59ece437ae7f9506bfaa27483"
            },
            "dist": {
                "type": "zip",
                "url": "https://api.github.com/repos/myclabs/php-enum/zipball/a867478eae49c9f59ece437ae7f9506bfaa27483",
                "reference": "a867478eae49c9f59ece437ae7f9506bfaa27483",
                "shasum": ""
            },
            "require": {
                "ext-json": "*",
                "php": "^7.3 || ^8.0"
            },
            "require-dev": {
                "phpunit/phpunit": "^9.5",
                "squizlabs/php_codesniffer": "1.*",
                "vimeo/psalm": "^4.6.2"
            },
            "type": "library",
            "autoload": {
                "psr-4": {
                    "MyCLabs\\Enum\\": "src/"
                },
                "classmap": [
                    "stubs/Stringable.php"
                ]
            },
            "notification-url": "https://packagist.org/downloads/",
            "license": [
                "MIT"
            ],
            "authors": [
                {
                    "name": "PHP Enum contributors",
                    "homepage": "https://github.com/myclabs/php-enum/graphs/contributors"
                }
            ],
            "description": "PHP Enum implementation",
            "homepage": "http://github.com/myclabs/php-enum",
            "keywords": [
                "enum"
            ],
            "support": {
                "issues": "https://github.com/myclabs/php-enum/issues",
                "source": "https://github.com/myclabs/php-enum/tree/1.8.4"
            },
            "funding": [
                {
                    "url": "https://github.com/mnapoli",
                    "type": "github"
                },
                {
                    "url": "https://tidelift.com/funding/github/packagist/myclabs/php-enum",
                    "type": "tidelift"
                }
            ],
            "time": "2022-08-04T09:53:51+00:00"
        },
        {
            "name": "seboettg/citeproc-php",
            "version": "v2.5.1",
            "source": {
                "type": "git",
                "url": "https://github.com/seboettg/citeproc-php.git",
                "reference": "3fbaaaca2ea061fd4c51e7880e835d6a669e6fee"
            },
            "dist": {
                "type": "zip",
                "url": "https://api.github.com/repos/seboettg/citeproc-php/zipball/3fbaaaca2ea061fd4c51e7880e835d6a669e6fee",
                "reference": "3fbaaaca2ea061fd4c51e7880e835d6a669e6fee",
                "shasum": ""
            },
            "require": {
                "ext-intl": "*",
                "ext-json": "*",
                "ext-mbstring": "*",
                "ext-simplexml": "*",
                "myclabs/php-enum": "^1.8",
                "php": ">=7.3",
                "seboettg/collection": ">=v3.1.0"
            },
            "require-dev": {
                "php-coveralls/php-coveralls": "^1",
                "phpmd/phpmd": "^2.8",
                "phpunit/phpunit": "^8.5",
                "squizlabs/php_codesniffer": "^3.5"
            },
            "suggest": {
                "symfony/polyfill-mbstring": "^1.10"
            },
            "type": "library",
            "autoload": {
                "files": [
                    "src/functions.php"
                ],
                "psr-4": {
                    "Seboettg\\CiteProc\\": "src/"
                }
            },
            "notification-url": "https://packagist.org/downloads/",
            "license": [
                "MIT"
            ],
            "authors": [
                {
                    "name": "Sebastian Böttger",
                    "email": "seboettg@gmail.com",
                    "homepage": "https://sebastianboettger.net",
                    "role": "Developer"
                }
            ],
            "description": "Full-featured CSL processor (https://citationstyles.org)",
            "support": {
                "issues": "https://github.com/seboettg/citeproc-php/issues",
                "source": "https://github.com/seboettg/citeproc-php/tree/v2.5.1"
            },
            "time": "2022-08-05T20:11:50+00:00"
        },
        {
            "name": "seboettg/collection",
            "version": "v3.1.0",
            "source": {
                "type": "git",
                "url": "https://github.com/seboettg/Collection.git",
                "reference": "6f753aef75923965173dcb11696e5dece0533f45"
            },
            "dist": {
                "type": "zip",
                "url": "https://api.github.com/repos/seboettg/Collection/zipball/6f753aef75923965173dcb11696e5dece0533f45",
                "reference": "6f753aef75923965173dcb11696e5dece0533f45",
                "shasum": ""
            },
            "require": {
                "php": ">=7.3"
            },
            "require-dev": {
                "php-coveralls/php-coveralls": "^1",
                "phpunit/phpunit": "8.5.*"
            },
            "type": "library",
            "autoload": {
                "files": [
                    "src/ArrayList/Functions.php"
                ],
                "psr-4": {
                    "Seboettg\\Collection\\": "src/"
                }
            },
            "notification-url": "https://packagist.org/downloads/",
            "license": [
                "MIT"
            ],
            "authors": [
                {
                    "name": "Sebastian Böttger",
                    "email": "seboettg@gmail.com"
                }
            ],
            "description": "Collection is a set of useful PHP wrapper classes for arrays, similar to Java Collection. Contains ArrayList, Stack, Queue.",
            "keywords": [
                "OOP",
                "array",
                "arraylist",
                "basic-data-structures",
                "collections",
                "comparable",
                "comparable-interface",
                "comparator",
                "datastructures",
                "filter",
                "map",
                "queue",
                "sort",
                "stack"
            ],
            "support": {
                "issues": "https://github.com/seboettg/Collection/issues",
                "source": "https://github.com/seboettg/Collection/tree/v3.1.0"
            },
            "time": "2022-07-09T19:47:27+00:00"
        },
        {
            "name": "smalot/pdfparser",
            "version": "v2.2.1",
            "source": {
                "type": "git",
                "url": "https://github.com/smalot/pdfparser.git",
                "reference": "7c007090776f29119e72be28f7780e638ea0cbf4"
            },
            "dist": {
                "type": "zip",
                "url": "https://api.github.com/repos/smalot/pdfparser/zipball/7c007090776f29119e72be28f7780e638ea0cbf4",
                "reference": "7c007090776f29119e72be28f7780e638ea0cbf4",
                "shasum": ""
            },
            "require": {
                "ext-iconv": "*",
                "ext-zlib": "*",
                "php": ">=7.1",
                "symfony/polyfill-mbstring": "^1.18"
            },
            "type": "library",
            "autoload": {
                "psr-0": {
                    "Smalot\\PdfParser\\": "src/"
                }
            },
            "notification-url": "https://packagist.org/downloads/",
            "license": [
                "LGPL-3.0"
            ],
            "authors": [
                {
                    "name": "Sebastien MALOT",
                    "email": "sebastien@malot.fr"
                }
            ],
            "description": "Pdf parser library. Can read and extract information from pdf file.",
            "homepage": "https://www.pdfparser.org",
            "keywords": [
                "extract",
                "parse",
                "parser",
                "pdf",
                "text"
            ],
            "support": {
                "issues": "https://github.com/smalot/pdfparser/issues",
                "source": "https://github.com/smalot/pdfparser/tree/v2.2.1"
            },
            "time": "2022-05-02T06:42:03+00:00"
        },
        {
            "name": "symfony/polyfill-mbstring",
            "version": "v1.26.0",
            "source": {
                "type": "git",
                "url": "https://github.com/symfony/polyfill-mbstring.git",
                "reference": "9344f9cb97f3b19424af1a21a3b0e75b0a7d8d7e"
            },
            "dist": {
                "type": "zip",
                "url": "https://api.github.com/repos/symfony/polyfill-mbstring/zipball/9344f9cb97f3b19424af1a21a3b0e75b0a7d8d7e",
                "reference": "9344f9cb97f3b19424af1a21a3b0e75b0a7d8d7e",
                "shasum": ""
            },
            "require": {
                "php": ">=7.1"
            },
            "provide": {
                "ext-mbstring": "*"
            },
            "suggest": {
                "ext-mbstring": "For best performance"
            },
            "type": "library",
            "extra": {
                "branch-alias": {
                    "dev-main": "1.26-dev"
                },
                "thanks": {
                    "name": "symfony/polyfill",
                    "url": "https://github.com/symfony/polyfill"
                }
            },
            "autoload": {
                "files": [
                    "bootstrap.php"
                ],
                "psr-4": {
                    "Symfony\\Polyfill\\Mbstring\\": ""
                }
            },
            "notification-url": "https://packagist.org/downloads/",
            "license": [
                "MIT"
            ],
            "authors": [
                {
                    "name": "Nicolas Grekas",
                    "email": "p@tchwork.com"
                },
                {
                    "name": "Symfony Community",
                    "homepage": "https://symfony.com/contributors"
                }
            ],
            "description": "Symfony polyfill for the Mbstring extension",
            "homepage": "https://symfony.com",
            "keywords": [
                "compatibility",
                "mbstring",
                "polyfill",
                "portable",
                "shim"
            ],
            "support": {
                "source": "https://github.com/symfony/polyfill-mbstring/tree/v1.26.0"
            },
            "funding": [
                {
                    "url": "https://symfony.com/sponsor",
                    "type": "custom"
                },
                {
                    "url": "https://github.com/fabpot",
                    "type": "github"
                },
                {
                    "url": "https://tidelift.com/funding/github/packagist/symfony/symfony",
                    "type": "tidelift"
                }
            ],
            "time": "2022-05-24T11:49:31+00:00"
        }
    ],
    "packages-dev": [],
    "aliases": [],
    "minimum-stability": "stable",
    "stability-flags": {
        "citation-style-language/locales": 20,
        "citation-style-language/styles": 20
    },
    "prefer-stable": false,
    "prefer-lowest": false,
    "platform": [],
    "platform-dev": [],
    "plugin-api-version": "2.3.0"
}
